
Microsoft Visual Studio Solution File, Format Version 12.00
# Visual Studio 14
VisualStudioVersion = 14.0.25420.1
MinimumVisualStudioVersion = 10.0.40219.1
Project("{2150E333-8FDC-42A3-9474-1A3956D46DE8}") = "src", "src", "{5C98521A-FAE3-490C-B92B-78DB656C6437}"
EndProject
Project("{2150E333-8FDC-42A3-9474-1A3956D46DE8}") = "Solution Items", "Solution Items", "{8E8A7A34-B58B-4B74-9390-8836135B92B1}"
	ProjectSection(SolutionItems) = preProject
		global.json = global.json
	EndProjectSection
EndProject
Project("{8BB2217D-0F2D-49D1-97BC-3654ED321F3B}") = "kendoTuto", "src\kendoTuto\kendoTuto.xproj", "{718F6195-DB95-4136-A830-232C228C50FC}"
EndProject
Project("{8BB2217D-0F2D-49D1-97BC-3654ED321F3B}") = "kendoTuto.Infrastructure", "src\kendoTuto.Infrastructure\kendoTuto.Infrastructure.xproj", "{E3297CE4-B578-4453-AED7-2D78641718F7}"
EndProject
Global
	GlobalSection(SolutionConfigurationPlatforms) = preSolution
		Debug|Any CPU = Debug|Any CPU
		Release|Any CPU = Release|Any CPU
	EndGlobalSection
	GlobalSection(ProjectConfigurationPlatforms) = postSolution
		{718F6195-DB95-4136-A830-232C228C50FC}.Debug|Any CPU.ActiveCfg = Debug|Any CPU
		{718F6195-DB95-4136-A830-232C228C50FC}.Debug|Any CPU.Build.0 = Debug|Any CPU
		{718F6195-DB95-4136-A830-232C228C50FC}.Release|Any CPU.ActiveCfg = Release|Any CPU
		{718F6195-DB95-4136-A830-232C228C50FC}.Release|Any CPU.Build.0 = Release|Any CPU
		{E3297CE4-B578-4453-AED7-2D78641718F7}.Debug|Any CPU.ActiveCfg = Debug|Any CPU
		{E3297CE4-B578-4453-AED7-2D78641718F7}.Debug|Any CPU.Build.0 = Debug|Any CPU
		{E3297CE4-B578-4453-AED7-2D78641718F7}.Release|Any CPU.ActiveCfg = Release|Any CPU
		{E3297CE4-B578-4453-AED7-2D78641718F7}.Release|Any CPU.Build.0 = Release|Any CPU
	EndGlobalSection
	GlobalSection(SolutionProperties) = preSolution
		HideSolutionNode = FALSE
	EndGlobalSection
	GlobalSection(NestedProjects) = preSolution
		{718F6195-DB95-4136-A830-232C228C50FC} = {5C98521A-FAE3-490C-B92B-78DB656C6437}
		{E3297CE4-B578-4453-AED7-2D78641718F7} = {5C98521A-FAE3-490C-B92B-78DB656C6437}
	EndGlobalSection
EndGlobal
